
Microsoft Visual Studio Solution File, Format Version 12.00
Project("{FAE04EC0-301F-11D3-BF4B-00C04F79EFBC}") = "BuildDoorOverWall", "BuildDoorOverWall\BuildDoorOverWall.csproj", "{D298ADB7-CCBD-4EC0-A42C-EA03FBF00B78}"
EndProject
Project("{FAE04EC0-301F-11D3-BF4B-00C04F79EFBC}") = "UtilLibs", "UtilLibs\UtilLibs.csproj", "{3606AD3B-C8FA-40E7-833E-49F3FAC20061}"
EndProject
Project("{FAE04EC0-301F-11D3-BF4B-00C04F79EFBC}") = "SizeInTooltip", "SizeInTooltip\SizeInTooltip.csproj", "{9E88A8DC-1A59-4339-BA4E-F2246D3BD181}"
EndProject
Project("{FAE04EC0-301F-11D3-BF4B-00C04F79EFBC}") = "ReplaceBuildingMaterial", "ReplaceBuildingMaterial\ReplaceBuildingMaterial.csproj", "{D75547EA-D35D-4217-97AE-348CC2E99918}"
EndProject
Project("{FAE04EC0-301F-11D3-BF4B-00C04F79EFBC}") = "BestBuildDryWall", "BestBuildDryWall\BestBuildDryWall.csproj", "{4AB6DBA8-0FFD-4076-91A2-A54A90C5B875}"
EndProject
Project("{FAE04EC0-301F-11D3-BF4B-00C04F79EFBC}") = "SpaceOverlay", "SpaceOverlay\SpaceOverlay.csproj", "{B2EF5F44-AC32-4683-84A6-2D93A2C9C44E}"
EndProject
Project("{FAE04EC0-301F-11D3-BF4B-00C04F79EFBC}") = "ResourceRemain", "ResourceRemain\ResourceRemain.csproj", "{0E7B2C57-9AAC-4802-AC50-DECE7EBB5AA2}"
EndProject
Project("{FAE04EC0-301F-11D3-BF4B-00C04F79EFBC}") = "PrinterEasyInfo", "PrinterEasyInfo\PrinterEasyInfo.csproj", "{6AA3C18A-AACB-48CF-A19A-47AFC70A4F43}"
EndProject
Project("{FAE04EC0-301F-11D3-BF4B-00C04F79EFBC}") = "ResourceFieldInfo", "ResourceFieldInfo\ResourceFieldInfo.csproj", "{524DBC4E-3133-4D8E-AB83-86A270D1DFDB}"
EndProject
Global
	GlobalSection(SolutionConfigurationPlatforms) = preSolution
		Debug|Any CPU = Debug|Any CPU
		Release|Any CPU = Release|Any CPU
	EndGlobalSection
	GlobalSection(ProjectConfigurationPlatforms) = postSolution
		{D298ADB7-CCBD-4EC0-A42C-EA03FBF00B78}.Debug|Any CPU.ActiveCfg = Debug|Any CPU
		{D298ADB7-CCBD-4EC0-A42C-EA03FBF00B78}.Debug|Any CPU.Build.0 = Debug|Any CPU
		{D298ADB7-CCBD-4EC0-A42C-EA03FBF00B78}.Release|Any CPU.ActiveCfg = Release|Any CPU
		{D298ADB7-CCBD-4EC0-A42C-EA03FBF00B78}.Release|Any CPU.Build.0 = Release|Any CPU
		{3606AD3B-C8FA-40E7-833E-49F3FAC20061}.Debug|Any CPU.ActiveCfg = Debug|Any CPU
		{3606AD3B-C8FA-40E7-833E-49F3FAC20061}.Debug|Any CPU.Build.0 = Debug|Any CPU
		{3606AD3B-C8FA-40E7-833E-49F3FAC20061}.Release|Any CPU.ActiveCfg = Release|Any CPU
		{3606AD3B-C8FA-40E7-833E-49F3FAC20061}.Release|Any CPU.Build.0 = Release|Any CPU
		{9E88A8DC-1A59-4339-BA4E-F2246D3BD181}.Debug|Any CPU.ActiveCfg = Debug|Any CPU
		{9E88A8DC-1A59-4339-BA4E-F2246D3BD181}.Debug|Any CPU.Build.0 = Debug|Any CPU
		{9E88A8DC-1A59-4339-BA4E-F2246D3BD181}.Release|Any CPU.ActiveCfg = Release|Any CPU
		{9E88A8DC-1A59-4339-BA4E-F2246D3BD181}.Release|Any CPU.Build.0 = Release|Any CPU
		{D75547EA-D35D-4217-97AE-348CC2E99918}.Debug|Any CPU.ActiveCfg = Debug|Any CPU
		{D75547EA-D35D-4217-97AE-348CC2E99918}.Debug|Any CPU.Build.0 = Debug|Any CPU
		{D75547EA-D35D-4217-97AE-348CC2E99918}.Release|Any CPU.ActiveCfg = Release|Any CPU
		{D75547EA-D35D-4217-97AE-348CC2E99918}.Release|Any CPU.Build.0 = Release|Any CPU
		{4AB6DBA8-0FFD-4076-91A2-A54A90C5B875}.Debug|Any CPU.ActiveCfg = Debug|Any CPU
		{4AB6DBA8-0FFD-4076-91A2-A54A90C5B875}.Debug|Any CPU.Build.0 = Debug|Any CPU
		{4AB6DBA8-0FFD-4076-91A2-A54A90C5B875}.Release|Any CPU.ActiveCfg = Release|Any CPU
		{4AB6DBA8-0FFD-4076-91A2-A54A90C5B875}.Release|Any CPU.Build.0 = Release|Any CPU
		{B2EF5F44-AC32-4683-84A6-2D93A2C9C44E}.Debug|Any CPU.ActiveCfg = Debug|Any CPU
		{B2EF5F44-AC32-4683-84A6-2D93A2C9C44E}.Debug|Any CPU.Build.0 = Debug|Any CPU
		{B2EF5F44-AC32-4683-84A6-2D93A2C9C44E}.Release|Any CPU.ActiveCfg = Release|Any CPU
		{B2EF5F44-AC32-4683-84A6-2D93A2C9C44E}.Release|Any CPU.Build.0 = Release|Any CPU
		{0E7B2C57-9AAC-4802-AC50-DECE7EBB5AA2}.Debug|Any CPU.ActiveCfg = Debug|Any CPU
		{0E7B2C57-9AAC-4802-AC50-DECE7EBB5AA2}.Debug|Any CPU.Build.0 = Debug|Any CPU
		{0E7B2C57-9AAC-4802-AC50-DECE7EBB5AA2}.Release|Any CPU.ActiveCfg = Release|Any CPU
		{0E7B2C57-9AAC-4802-AC50-DECE7EBB5AA2}.Release|Any CPU.Build.0 = Release|Any CPU
		{6AA3C18A-AACB-48CF-A19A-47AFC70A4F43}.Debug|Any CPU.ActiveCfg = Debug|Any CPU
		{6AA3C18A-AACB-48CF-A19A-47AFC70A4F43}.Debug|Any CPU.Build.0 = Debug|Any CPU
		{6AA3C18A-AACB-48CF-A19A-47AFC70A4F43}.Release|Any CPU.ActiveCfg = Release|Any CPU
		{6AA3C18A-AACB-48CF-A19A-47AFC70A4F43}.Release|Any CPU.Build.0 = Release|Any CPU
		{524DBC4E-3133-4D8E-AB83-86A270D1DFDB}.Debug|Any CPU.ActiveCfg = Debug|Any CPU
		{524DBC4E-3133-4D8E-AB83-86A270D1DFDB}.Debug|Any CPU.Build.0 = Debug|Any CPU
		{524DBC4E-3133-4D8E-AB83-86A270D1DFDB}.Release|Any CPU.ActiveCfg = Release|Any CPU
		{524DBC4E-3133-4D8E-AB83-86A270D1DFDB}.Release|Any CPU.Build.0 = Release|Any CPU
	EndGlobalSection
EndGlobal
