
Microsoft Visual Studio Solution File, Format Version 12.00
Project("{FAE04EC0-301F-11D3-BF4B-00C04F79EFBC}") = "BuildDoorOverWall", "BuildDoorOverWall\BuildDoorOverWall.csproj", "{D298ADB7-CCBD-4EC0-A42C-EA03FBF00B78}"
EndProject
Project("{FAE04EC0-301F-11D3-BF4B-00C04F79EFBC}") = "UtilLibs", "UtilLibs\UtilLibs.csproj", "{3606AD3B-C8FA-40E7-833E-49F3FAC20061}"
EndProject
Global
	GlobalSection(SolutionConfigurationPlatforms) = preSolution
		Debug|Any CPU = Debug|Any CPU
		Release|Any CPU = Release|Any CPU
	EndGlobalSection
	GlobalSection(ProjectConfigurationPlatforms) = postSolution
		{D298ADB7-CCBD-4EC0-A42C-EA03FBF00B78}.Debug|Any CPU.ActiveCfg = Debug|Any CPU
		{D298ADB7-CCBD-4EC0-A42C-EA03FBF00B78}.Debug|Any CPU.Build.0 = Debug|Any CPU
		{D298ADB7-CCBD-4EC0-A42C-EA03FBF00B78}.Release|Any CPU.ActiveCfg = Release|Any CPU
		{D298ADB7-CCBD-4EC0-A42C-EA03FBF00B78}.Release|Any CPU.Build.0 = Release|Any CPU
		{3606AD3B-C8FA-40E7-833E-49F3FAC20061}.Debug|Any CPU.ActiveCfg = Debug|Any CPU
		{3606AD3B-C8FA-40E7-833E-49F3FAC20061}.Debug|Any CPU.Build.0 = Debug|Any CPU
		{3606AD3B-C8FA-40E7-833E-49F3FAC20061}.Release|Any CPU.ActiveCfg = Release|Any CPU
		{3606AD3B-C8FA-40E7-833E-49F3FAC20061}.Release|Any CPU.Build.0 = Release|Any CPU
	EndGlobalSection
EndGlobal
